// !$*UTF8*$!
{
	archiveVersion = 1;
	classes = {
	};
	objectVersion = 46;
	objects = {

/* Begin PBXBuildFile section */
		81E4C18613C24D2300C648DD /* main.c in Sources */ = {isa = PBXBuildFile; fileRef = 81E4C18513C24D2300C648DD /* main.c */; };
		81E4C18E13C24D3500C648DD /* files.c in Sources */ = {isa = PBXBuildFile; fileRef = 81E4C18D13C24D3500C648DD /* files.c */; };
/* End PBXBuildFile section */

/* Begin PBXCopyFilesBuildPhase section */
		81E4C17F13C24D2300C648DD /* CopyFiles */ = {
			isa = PBXCopyFilesBuildPhase;
			buildActionMask = 2147483647;
			dstPath = /usr/share/man/man1/;
			dstSubfolderSpec = 0;
			files = (
			);
			runOnlyForDeploymentPostprocessing = 1;
		};
/* End PBXCopyFilesBuildPhase section */

/* Begin PBXFileReference section */
		81E4C18113C24D2300C648DD /* dvdFiler2 */ = {isa = PBXFileReference; explicitFileType = "compiled.mach-o.executable"; includeInIndex = 0; path = dvdFiler2; sourceTree = BUILT_PRODUCTS_DIR; };
		81E4C18513C24D2300C648DD /* main.c */ = {isa = PBXFileReference; lastKnownFileType = sourcecode.c.c; path = main.c; sourceTree = "<group>"; };
		81E4C18713C24D2300C648DD /* dvdFiler2.1 */ = {isa = PBXFileReference; lastKnownFileType = text.man; path = dvdFiler2.1; sourceTree = "<group>"; };
		81E4C18D13C24D3500C648DD /* files.c */ = {isa = PBXFileReference; fileEncoding = 4; lastKnownFileType = sourcecode.c.c; path = files.c; sourceTree = "<group>"; };
/* End PBXFileReference section */

/* Begin PBXFrameworksBuildPhase section */
		81E4C17E13C24D2300C648DD /* Frameworks */ = {
			isa = PBXFrameworksBuildPhase;
			buildActionMask = 2147483647;
			files = (
			);
			runOnlyForDeploymentPostprocessing = 0;
		};
/* End PBXFrameworksBuildPhase section */

/* Begin PBXGroup section */
		81E4C17613C24D2300C648DD = {
			isa = PBXGroup;
			children = (
				81E4C18413C24D2300C648DD /* dvdFiler2 */,
				81E4C18213C24D2300C648DD /* Products */,
			);
			sourceTree = "<group>";
		};
		81E4C18213C24D2300C648DD /* Products */ = {
			isa = PBXGroup;
			children = (
				81E4C18113C24D2300C648DD /* dvdFiler2 */,
			);
			name = Products;
			sourceTree = "<group>";
		};
		81E4C18413C24D2300C648DD /* dvdFiler2 */ = {
			isa = PBXGroup;
			children = (
				81E4C18513C24D2300C648DD /* main.c */,
				81E4C18D13C24D3500C648DD /* files.c */,
				81E4C18713C24D2300C648DD /* dvdFiler2.1 */,
			);
			path = dvdFiler2;
			sourceTree = "<group>";
		};
/* End PBXGroup section */

/* Begin PBXNativeTarget section */
		81E4C18013C24D2300C648DD /* dvdFiler2 */ = {
			isa = PBXNativeTarget;
			buildConfigurationList = 81E4C18A13C24D2300C648DD /* Build configuration list for PBXNativeTarget "dvdFiler2" */;
			buildPhases = (
				81E4C17D13C24D2300C648DD /* Sources */,
				81E4C17E13C24D2300C648DD /* Frameworks */,
				81E4C17F13C24D2300C648DD /* CopyFiles */,
			);
			buildRules = (
			);
			dependencies = (
			);
			name = dvdFiler2;
			productName = dvdFiler2;
			productReference = 81E4C18113C24D2300C648DD /* dvdFiler2 */;
			productType = "com.apple.product-type.tool";
		};
/* End PBXNativeTarget section */

/* Begin PBXProject section */
		81E4C17813C24D2300C648DD /* Project object */ = {
			isa = PBXProject;
			attributes = {
				ORGANIZATIONNAME = "Dave Mark";
			};
			buildConfigurationList = 81E4C17B13C24D2300C648DD /* Build configuration list for PBXProject "dvdFiler2" */;
			compatibilityVersion = "Xcode 3.2";
			developmentRegion = English;
			hasScannedForEncodings = 0;
			knownRegions = (
				en,
			);
			mainGroup = 81E4C17613C24D2300C648DD;
			productRefGroup = 81E4C18213C24D2300C648DD /* Products */;
			projectDirPath = "";
			projectRoot = "";
			targets = (
				81E4C18013C24D2300C648DD /* dvdFiler2 */,
			);
		};
/* End PBXProject section */

/* Begin PBXSourcesBuildPhase section */
		81E4C17D13C24D2300C648DD /* Sources */ = {
			isa = PBXSourcesBuildPhase;
			buildActionMask = 2147483647;
			files = (
				81E4C18613C24D2300C648DD /* main.c in Sources */,
				81E4C18E13C24D3500C648DD /* files.c in Sources */,
			);
			runOnlyForDeploymentPostprocessing = 0;
		};
/* End PBXSourcesBuildPhase section */

/* Begin XCBuildConfiguration section */
		81E4C18813C24D2300C648DD /* Debug */ = {
			isa = XCBuildConfiguration;
			buildSettings = {
				ARCHS = "$(ARCHS_STANDARD_32_64_BIT)";
				GCC_C_LANGUAGE_STANDARD = gnu99;
				GCC_OPTIMIZATION_LEVEL = 0;
				GCC_PREPROCESSOR_DEFINITIONS = DEBUG;
				GCC_SYMBOLS_PRIVATE_EXTERN = NO;
				GCC_VERSION = com.apple.compilers.llvm.clang.1_0;
				GCC_WARN_64_TO_32_BIT_CONVERSION = YES;
				GCC_WARN_ABOUT_RETURN_TYPE = YES;
				GCC_WARN_UNUSED_VARIABLE = YES;
				MACOSX_DEPLOYMENT_TARGET = 10.6;
				ONLY_ACTIVE_ARCH = YES;
				SDKROOT = macosx;
			};
			name = Debug;
		};
		81E4C18913C24D2300C648DD /* Release */ = {
			isa = XCBuildConfiguration;
			buildSettings = {
				ARCHS = "$(ARCHS_STANDARD_32_64_BIT)";
				GCC_C_LANGUAGE_STANDARD = gnu99;
				GCC_VERSION = com.apple.compilers.llvm.clang.1_0;
				GCC_WARN_64_TO_32_BIT_CONVERSION = YES;
				GCC_WARN_ABOUT_RETURN_TYPE = YES;
				GCC_WARN_UNUSED_VARIABLE = YES;
				MACOSX_DEPLOYMENT_TARGET = 10.6;
				SDKROOT = macosx;
			};
			name = Release;
		};
		81E4C18B13C24D2300C648DD /* Debug */ = {
			isa = XCBuildConfiguration;
			buildSettings = {
				ALWAYS_SEARCH_USER_PATHS = NO;
				COPY_PHASE_STRIP = NO;
				GCC_DYNAMIC_NO_PIC = NO;
				GCC_ENABLE_OBJC_EXCEPTIONS = YES;
				PRODUCT_NAME = "$(TARGET_NAME)";
			};
			name = Debug;
		};
		81E4C18C13C24D2300C648DD /* Release */ = {
			isa = XCBuildConfiguration;
			buildSettings = {
				ALWAYS_SEARCH_USER_PATHS = NO;
				COPY_PHASE_STRIP = YES;
				DEBUG_INFORMATION_FORMAT = "dwarf-with-dsym";
				GCC_ENABLE_OBJC_EXCEPTIONS = YES;
				PRODUCT_NAME = "$(TARGET_NAME)";
			};
			name = Release;
		};
/* End XCBuildConfiguration section */

/* Begin XCConfigurationList section */
		81E4C17B13C24D2300C648DD /* Build configuration list for PBXProject "dvdFiler2" */ = {
			isa = XCConfigurationList;
			buildConfigurations = (
				81E4C18813C24D2300C648DD /* Debug */,
				81E4C18913C24D2300C648DD /* Release */,
			);
			defaultConfigurationIsVisible = 0;
			defaultConfigurationName = Release;
		};
		81E4C18A13C24D2300C648DD /* Build configuration list for PBXNativeTarget "dvdFiler2" */ = {
			isa = XCConfigurationList;
			buildConfigurations = (
				81E4C18B13C24D2300C648DD /* Debug */,
				81E4C18C13C24D2300C648DD /* Release */,
			);
			defaultConfigurationIsVisible = 0;
		};
/* End XCConfigurationList section */
	};
	rootObject = 81E4C17813C24D2300C648DD /* Project object */;
}
